# THIS IS AN AUTOGENERATED FILE. DO NOT EDIT THIS FILE DIRECTLY.
# yarn lockfile v1


"@esbuild/darwin-arm64@0.21.5":
  "integrity" "sha512-DwqXqZyuk5AiWWf3UfLiRDJ5EDd49zg6O9wclZ7kUMv2WRFr4HKjXp/5t8JZ11QbQfUS6/cRCKGwYhtNAY88kQ=="
  "resolved" "https://registry.npmjs.org/@esbuild/darwin-arm64/-/darwin-arm64-0.21.5.tgz"
  "version" "0.21.5"

"@hotwired/stimulus@^3.2.2":
  "integrity" "sha512-eGeIqNOQpXoPAIP7tC1+1Yc1yl1xnwYqg+3mzqxyrbE5pg5YFBZcA6YoTiByJB6DKAEsiWtl6tjTJS4IYtbB7A=="
  "resolved" "https://registry.npmjs.org/@hotwired/stimulus/-/stimulus-3.2.2.tgz"
  "version" "3.2.2"

"@hotwired/turbo-rails@^8.0.4":
  "integrity" "sha512-GHCv5+B2VzYZZvMFpg/g9JLx/8pl/8chcubSB7T+Xn1zYOMqAKB6cT80vvWUzxdwfm/2KfaRysfDz+BmvtjFaw=="
  "resolved" "https://registry.npmjs.org/@hotwired/turbo-rails/-/turbo-rails-8.0.4.tgz"
  "version" "8.0.4"
  dependencies:
    "@hotwired/turbo" "^8.0.4"
    "@rails/actioncable" "^7.0"

"@hotwired/turbo@^8.0.4":
  "integrity" "sha512-mlZEFUZrJnpfj+g/XeCWWuokvQyN68WvM78JM+0jfSFc98wegm259vCbC1zSllcspRwbgXK31ibehCy5PA78/Q=="
  "resolved" "https://registry.npmjs.org/@hotwired/turbo/-/turbo-8.0.4.tgz"
  "version" "8.0.4"

"@popperjs/core@^2.9.0":
  "integrity" "sha512-P1st0aksCrn9sGZhp8GMYwBnQsbvAWsZAX44oXNNvLHGqAOcoVxmjZiohstwQ7SqKnbR47akdNi+uleWD8+g6A=="
  "resolved" "https://registry.npmjs.org/@popperjs/core/-/core-2.11.8.tgz"
  "version" "2.11.8"

"@rails/actioncable@^6.0.3-7":
  "integrity" "sha512-ND+0rRj0NQVrv8SYSLSjKyHaXLcFEB02/9+1hsbz7BgufhJcOr/eJ7Y+a/278nAmzKd7mLDQYusHwZ0Dmn7rRw=="
  "resolved" "https://registry.npmjs.org/@rails/actioncable/-/actioncable-6.0.3-7.tgz"
  "version" "6.0.3-7"

"@rails/actioncable@^7.0":
  "integrity" "sha512-ojNvnoZtPN0pYvVFtlO7dyEN9Oml1B6IDM+whGKVak69MMYW99lC2NOWXWeE3bmwEydbP/nn6ERcpfjHVjYQjA=="
  "resolved" "https://registry.npmjs.org/@rails/actioncable/-/actioncable-7.1.3.tgz"
  "version" "7.1.3"

"@rails/ujs@^7.0.0":
  "integrity" "sha512-FxtgKNvvIonoBE1TK7U10VMf6CYvzq8SIZ1XZ1Q8zcn/BEXzPzid3zC9qFiojuI5WXVwWhO8GFqApq0stD+OqQ=="
  "resolved" "https://registry.npmjs.org/@rails/ujs/-/ujs-7.1.3.tgz"
  "version" "7.1.3"

"@remirror/core-constants@^2.0.2":
  "integrity" "sha512-dyHY+sMF0ihPus3O27ODd4+agdHMEmuRdyiZJ2CCWjPV5UFmn17ZbElvk6WOGVE4rdCJKZQCrPV2BcikOMLUGQ=="
  "resolved" "https://registry.npmjs.org/@remirror/core-constants/-/core-constants-2.0.2.tgz"
  "version" "2.0.2"

"@tiptap-pro/extension-emoji@^2.8.9":
  "integrity" "sha512-1BHaJqfF9zaZRObZ+glVaclXKR99Xzb+xLwi2LnRlYnl7ZHtWLcVeA4Ml1Z9Pu6F5oVdG2o/IlEH6E8S18XP3A=="
  "resolved" "https://registry.tiptap.dev/@tiptap-pro%2fextension-emoji/-/extension-emoji-2.8.9.tgz"
  "version" "2.8.9"
  dependencies:
    "emoji-regex" "^10.0.0"
    "emojibase-data" "^7.0.1"
    "is-emoji-supported" "^0.0.5"

"@tiptap/core@^2.0.0", "@tiptap/core@^2.4.0":
  "integrity" "sha512-YJSahk8pkxpCs8SflCZfTnJpE7IPyUWIylfgXM2DefjRQa5DZ+c6sNY0s/zbxKYFQ6AuHVX40r9pCfcqHChGxQ=="
  "resolved" "https://registry.npmjs.org/@tiptap/core/-/core-2.4.0.tgz"
  "version" "2.4.0"

"@tiptap/extension-blockquote@^2.4.0":
  "integrity" "sha512-nJJy4KsPgQqWTTDOWzFRdjCfG5+QExfZj44dulgDFNh+E66xhamnbM70PklllXJgEcge7xmT5oKM0gKls5XgFw=="
  "resolved" "https://registry.npmjs.org/@tiptap/extension-blockquote/-/extension-blockquote-2.4.0.tgz"
  "version" "2.4.0"

"@tiptap/extension-bold@^2.4.0":
  "integrity" "sha512-csnW6hMDEHoRfxcPRLSqeJn+j35Lgtt1YRiOwn7DlS66sAECGRuoGfCvQSPij0TCDp4VCR9if5Sf8EymhnQumQ=="
  "resolved" "https://registry.npmjs.org/@tiptap/extension-bold/-/extension-bold-2.4.0.tgz"
  "version" "2.4.0"

"@tiptap/extension-bubble-menu@^2.4.0":
  "integrity" "sha512-s99HmttUtpW3rScWq8rqk4+CGCwergNZbHLTkF6Rp6TSboMwfp+rwL5Q/JkcAG9KGLso1vGyXKbt1xHOvm8zMw=="
  "resolved" "https://registry.npmjs.org/@tiptap/extension-bubble-menu/-/extension-bubble-menu-2.4.0.tgz"
  "version" "2.4.0"
  dependencies:
    "tippy.js" "^6.3.7"

"@tiptap/extension-bullet-list@^2.4.0":
  "integrity" "sha512-9S5DLIvFRBoExvmZ+/ErpTvs4Wf1yOEs8WXlKYUCcZssK7brTFj99XDwpHFA29HKDwma5q9UHhr2OB2o0JYAdw=="
  "resolved" "https://registry.npmjs.org/@tiptap/extension-bullet-list/-/extension-bullet-list-2.4.0.tgz"
  "version" "2.4.0"

"@tiptap/extension-code-block@^2.4.0":
  "integrity" "sha512-QWGdv1D56TBGbbJSj2cIiXGJEKguPiAl9ONzJ/Ql1ZksiQsYwx0YHriXX6TOC//T4VIf6NSClHEtwtxWBQ/Csg=="
  "resolved" "https://registry.npmjs.org/@tiptap/extension-code-block/-/extension-code-block-2.4.0.tgz"
  "version" "2.4.0"

"@tiptap/extension-code@^2.4.0":
  "integrity" "sha512-wjhBukuiyJMq4cTcK3RBTzUPV24k5n1eEPlpmzku6ThwwkMdwynnMGMAmSF3fErh3AOyOUPoTTjgMYN2d10SJA=="
  "resolved" "https://registry.npmjs.org/@tiptap/extension-code/-/extension-code-2.4.0.tgz"
  "version" "2.4.0"

"@tiptap/extension-document@^2.4.0":
  "integrity" "sha512-3jRodQJZDGbXlRPERaloS+IERg/VwzpC1IO6YSJR9jVIsBO6xC29P3cKTQlg1XO7p6ZH/0ksK73VC5BzzTwoHg=="
  "resolved" "https://registry.npmjs.org/@tiptap/extension-document/-/extension-document-2.4.0.tgz"
  "version" "2.4.0"

"@tiptap/extension-dropcursor@^2.4.0":
  "integrity" "sha512-c46HoG2PEEpSZv5rmS5UX/lJ6/kP1iVO0Ax+6JrNfLEIiDULUoi20NqdjolEa38La2VhWvs+o20OviiTOKEE9g=="
  "resolved" "https://registry.npmjs.org/@tiptap/extension-dropcursor/-/extension-dropcursor-2.4.0.tgz"
  "version" "2.4.0"

"@tiptap/extension-floating-menu@^2.4.0":
  "integrity" "sha512-vLb9v+htbHhXyty0oaXjT3VC8St4xuGSHWUB9GuAJAQ+NajIO6rBPbLUmm9qM0Eh2zico5mpSD1Qtn5FM6xYzg=="
  "resolved" "https://registry.npmjs.org/@tiptap/extension-floating-menu/-/extension-floating-menu-2.4.0.tgz"
  "version" "2.4.0"
  dependencies:
    "tippy.js" "^6.3.7"

"@tiptap/extension-focus@^2.4.0":
  "integrity" "sha512-41P51OImJzvp0zPUudsDPOGIIQkFUK9Yew8MVdtA3EIWkHOl8BZN/X3E/fX9sxzY6WPGgZD0UBRk7f9EA9X5JQ=="
  "resolved" "https://registry.npmjs.org/@tiptap/extension-focus/-/extension-focus-2.4.0.tgz"
  "version" "2.4.0"

"@tiptap/extension-gapcursor@^2.4.0":
  "integrity" "sha512-F4y/0J2lseohkFUw9P2OpKhrJ6dHz69ZScABUvcHxjznJLd6+0Zt7014Lw5PA8/m2d/w0fX8LZQ88pZr4quZPQ=="
  "resolved" "https://registry.npmjs.org/@tiptap/extension-gapcursor/-/extension-gapcursor-2.4.0.tgz"
  "version" "2.4.0"

"@tiptap/extension-hard-break@^2.4.0":
  "integrity" "sha512-3+Z6zxevtHza5IsDBZ4lZqvNR3Kvdqwxq/QKCKu9UhJN1DUjsg/l1Jn2NilSQ3NYkBYh2yJjT8CMo9pQIu776g=="
  "resolved" "https://registry.npmjs.org/@tiptap/extension-hard-break/-/extension-hard-break-2.4.0.tgz"
  "version" "2.4.0"

"@tiptap/extension-heading@^2.4.0":
  "integrity" "sha512-fYkyP/VMo7YHO76YVrUjd95Qeo0cubWn/Spavmwm1gLTHH/q7xMtbod2Z/F0wd6QHnc7+HGhO7XAjjKWDjldaw=="
  "resolved" "https://registry.npmjs.org/@tiptap/extension-heading/-/extension-heading-2.4.0.tgz"
  "version" "2.4.0"

"@tiptap/extension-history@^2.4.0":
  "integrity" "sha512-gr5qsKAXEVGr1Lyk1598F7drTaEtAxqZiuuSwTCzZzkiwgEQsWMWTWc9F8FlneCEaqe1aIYg6WKWlmYPaFwr0w=="
  "resolved" "https://registry.npmjs.org/@tiptap/extension-history/-/extension-history-2.4.0.tgz"
  "version" "2.4.0"

"@tiptap/extension-horizontal-rule@^2.4.0":
  "integrity" "sha512-yDgxy+YxagcEsBbdWvbQiXYxsv3noS1VTuGwc9G7ZK9xPmBHJ5y0agOkB7HskwsZvJHoaSqNRsh7oZTkf0VR3g=="
  "resolved" "https://registry.npmjs.org/@tiptap/extension-horizontal-rule/-/extension-horizontal-rule-2.4.0.tgz"
  "version" "2.4.0"

"@tiptap/extension-italic@^2.4.0":
  "integrity" "sha512-aaW/L9q+KNHHK+X73MPloHeIsT191n3VLd3xm6uUcFDnUNvzYJ/q65/1ZicdtCaOLvTutxdrEvhbkrVREX6a8g=="
  "resolved" "https://registry.npmjs.org/@tiptap/extension-italic/-/extension-italic-2.4.0.tgz"
  "version" "2.4.0"

"@tiptap/extension-list-item@^2.4.0":
  "integrity" "sha512-reUVUx+2cI2NIAqMZhlJ9uK/+zvRzm1GTmlU2Wvzwc7AwLN4yemj6mBDsmBLEXAKPvitfLh6EkeHaruOGymQtg=="
  "resolved" "https://registry.npmjs.org/@tiptap/extension-list-item/-/extension-list-item-2.4.0.tgz"
  "version" "2.4.0"

"@tiptap/extension-mention@^2.4.0":
  "integrity" "sha512-7BqCNfqF1Mv9IrtdlHADwXMFo968UNmthf/TepVXC7EX2Ke6/Y4vvxmpYVNZc55FdswFwpVyZ2VeXBj3AC2JcA=="
  "resolved" "https://registry.npmjs.org/@tiptap/extension-mention/-/extension-mention-2.4.0.tgz"
  "version" "2.4.0"

"@tiptap/extension-ordered-list@^2.4.0":
  "integrity" "sha512-Zo0c9M0aowv+2+jExZiAvhCB83GZMjZsxywmuOrdUbq5EGYKb7q8hDyN3hkrktVHr9UPXdPAYTmLAHztTOHYRA=="
  "resolved" "https://registry.npmjs.org/@tiptap/extension-ordered-list/-/extension-ordered-list-2.4.0.tgz"
  "version" "2.4.0"

"@tiptap/extension-paragraph@^2.4.0":
  "integrity" "sha512-+yse0Ow67IRwcACd9K/CzBcxlpr9OFnmf0x9uqpaWt1eHck1sJnti6jrw5DVVkyEBHDh/cnkkV49gvctT/NyCw=="
  "resolved" "https://registry.npmjs.org/@tiptap/extension-paragraph/-/extension-paragraph-2.4.0.tgz"
  "version" "2.4.0"

"@tiptap/extension-placeholder@^2.4.0":
  "integrity" "sha512-SmWOjgWpmhFt0BPOnL65abCUH0wS5yksUJgtANn5bQoHF4HFSsyl7ETRmgf0ykxdjc7tzOg31FfpWVH4wzKSYg=="
  "resolved" "https://registry.npmjs.org/@tiptap/extension-placeholder/-/extension-placeholder-2.4.0.tgz"
  "version" "2.4.0"

"@tiptap/extension-strike@^2.4.0":
  "integrity" "sha512-pE1uN/fQPOMS3i+zxPYMmPmI3keubnR6ivwM+KdXWOMnBiHl9N4cNpJgq1n2eUUGKLurC2qrQHpnVyGAwBS6Vg=="
  "resolved" "https://registry.npmjs.org/@tiptap/extension-strike/-/extension-strike-2.4.0.tgz"
  "version" "2.4.0"

"@tiptap/extension-text@^2.4.0":
  "integrity" "sha512-LV0bvE+VowE8IgLca7pM8ll7quNH+AgEHRbSrsI3SHKDCYB9gTHMjWaAkgkUVaO1u0IfCrjnCLym/PqFKa+vvg=="
  "resolved" "https://registry.npmjs.org/@tiptap/extension-text/-/extension-text-2.4.0.tgz"
  "version" "2.4.0"

"@tiptap/pm@^2.0.0", "@tiptap/pm@^2.4.0":
  "integrity" "sha512-B1HMEqGS4MzIVXnpgRZDLm30mxDWj51LkBT/if1XD+hj5gm8B9Q0c84bhvODX6KIs+c6z+zsY9VkVu8w9Yfgxg=="
  "resolved" "https://registry.npmjs.org/@tiptap/pm/-/pm-2.4.0.tgz"
  "version" "2.4.0"
  dependencies:
    "prosemirror-changeset" "^2.2.1"
    "prosemirror-collab" "^1.3.1"
    "prosemirror-commands" "^1.5.2"
    "prosemirror-dropcursor" "^1.8.1"
    "prosemirror-gapcursor" "^1.3.2"
    "prosemirror-history" "^1.3.2"
    "prosemirror-inputrules" "^1.3.0"
    "prosemirror-keymap" "^1.2.2"
    "prosemirror-markdown" "^1.12.0"
    "prosemirror-menu" "^1.2.4"
    "prosemirror-model" "^1.19.4"
    "prosemirror-schema-basic" "^1.2.2"
    "prosemirror-schema-list" "^1.3.0"
    "prosemirror-state" "^1.4.3"
    "prosemirror-tables" "^1.3.5"
    "prosemirror-trailing-node" "^2.0.7"
    "prosemirror-transform" "^1.8.0"
    "prosemirror-view" "^1.32.7"

"@tiptap/starter-kit@^2.4.0":
  "integrity" "sha512-DYYzMZdTEnRn9oZhKOeRCcB+TjhNz5icLlvJKoHoOGL9kCbuUyEf8WRR2OSPckI0+KUIPJL3oHRqO4SqSdTjfg=="
  "resolved" "https://registry.npmjs.org/@tiptap/starter-kit/-/starter-kit-2.4.0.tgz"
  "version" "2.4.0"
  dependencies:
    "@tiptap/core" "^2.4.0"
    "@tiptap/extension-blockquote" "^2.4.0"
    "@tiptap/extension-bold" "^2.4.0"
    "@tiptap/extension-bullet-list" "^2.4.0"
    "@tiptap/extension-code" "^2.4.0"
    "@tiptap/extension-code-block" "^2.4.0"
    "@tiptap/extension-document" "^2.4.0"
    "@tiptap/extension-dropcursor" "^2.4.0"
    "@tiptap/extension-gapcursor" "^2.4.0"
    "@tiptap/extension-hard-break" "^2.4.0"
    "@tiptap/extension-heading" "^2.4.0"
    "@tiptap/extension-history" "^2.4.0"
    "@tiptap/extension-horizontal-rule" "^2.4.0"
    "@tiptap/extension-italic" "^2.4.0"
    "@tiptap/extension-list-item" "^2.4.0"
    "@tiptap/extension-ordered-list" "^2.4.0"
    "@tiptap/extension-paragraph" "^2.4.0"
    "@tiptap/extension-strike" "^2.4.0"
    "@tiptap/extension-text" "^2.4.0"

"@tiptap/suggestion@^2.0.0":
  "integrity" "sha512-6dCkjbL8vIzcLWtS6RCBx0jlYPKf2Beuyq5nNLrDDZZuyJow5qJAY0eGu6Xomp9z0WDK/BYOxT4hHNoGMDkoAg=="
  "resolved" "https://registry.npmjs.org/@tiptap/suggestion/-/suggestion-2.4.0.tgz"
  "version" "2.4.0"

"argparse@^2.0.1":
  "integrity" "sha512-8+9WqebbFzpX9OR+Wa6O29asIogeRMzcGtAINdpMHHyAg10f05aSFVBbcEqGf/PXw1EjAZ+q2/bEBg3DvurK3Q=="
  "resolved" "https://registry.npmjs.org/argparse/-/argparse-2.0.1.tgz"
  "version" "2.0.1"

"blurhash@^1.1.3":
  "integrity" "sha512-yUhPJvXexbqbyijCIE/T2NCXcj9iNPhWmOKbPTuR/cm7Q5snXYIfnVnz6m7MWOXxODMz/Cr3UcVkRdHiuDVRDw=="
  "resolved" "https://registry.yarnpkg.com/blurhash/-/blurhash-1.1.3.tgz"
  "version" "1.1.3"

"commander@^2.15.1":
  "integrity" "sha512-GpVkmM8vF2vQUkj2LvZmD35JxeJOLCwJ9cUkugyk2nuhbv3+mJvpLYYt+0+USMxE+oj+ey/lJEnhZw75x/OMcQ=="
  "resolved" "https://registry.yarnpkg.com/commander/-/commander-2.20.3.tgz"
  "version" "2.20.3"

"crelt@^1.0.0":
  "integrity" "sha512-VQ2MBenTq1fWZUH9DJNGti7kKv6EeAuYr3cLwxUWhIu1baTaXh4Ib5W2CqHVqib4/MqbYGJqiL3Zb8GJZr3l4g=="
  "resolved" "https://registry.npmjs.org/crelt/-/crelt-1.0.6.tgz"
  "version" "1.0.6"

"csstype@^3.1.2":
  "integrity" "sha512-M1uQkMl8rQK/szD0LNhtqxIPLpimGm8sOBwU7lLnCpSbTyY3yeU1Vc7l4KT5zT4s/yOxHH5O7tIuuLOCnLADRw=="
  "resolved" "https://registry.npmjs.org/csstype/-/csstype-3.1.3.tgz"
  "version" "3.1.3"

"emoji-regex@^10.0.0":
  "integrity" "sha512-QpLs9D9v9kArv4lfDEgg1X/gN5XLnf/A6l9cs8SPZLRZR3ZkY9+kwIQTxm+fsSej5UMYGE8fdoaZVIBlqG0XTw=="
  "resolved" "https://registry.npmjs.org/emoji-regex/-/emoji-regex-10.3.0.tgz"
  "version" "10.3.0"

"emojibase-data@^7.0.1":
  "integrity" "sha512-BLZpOdwyFpZ7lzBWyDtnxmKVm/SJMYgAfp1if3o6n1TVUMSXAf0nikONXl90LZuJ/m3XWPBkkubgCet2BsCGGQ=="
  "resolved" "https://registry.npmjs.org/emojibase-data/-/emojibase-data-7.0.1.tgz"
  "version" "7.0.1"

"emojibase@*":
  "integrity" "sha512-GNsjHnG2J3Ktg684Fs/vZR/6XpOSkZPMAv85EHrr6br2RN2cJNwdS4am/3YSK3y+/gOv2kmoK3GGdahXdMxg2g=="
  "resolved" "https://registry.npmjs.org/emojibase/-/emojibase-15.3.1.tgz"
  "version" "15.3.1"

"entities@^4.4.0":
  "integrity" "sha512-V0hjH4dGPh9Ao5p0MoRY6BVqtwCjhz6vI5LT8AJ55H+4g9/4vbHx1I54fS0XuclLhDHArPQCiMjDxjaL8fPxhw=="
  "resolved" "https://registry.npmjs.org/entities/-/entities-4.5.0.tgz"
  "version" "4.5.0"

"esbuild@^0.21.5":
  "integrity" "sha512-mg3OPMV4hXywwpoDxu3Qda5xCKQi+vCTZq8S9J/EpkhB2HzKXq4SNFZE3+NK93JYxc8VMSep+lOUSC/RVKaBqw=="
  "resolved" "https://registry.npmjs.org/esbuild/-/esbuild-0.21.5.tgz"
  "version" "0.21.5"
  optionalDependencies:
    "@esbuild/aix-ppc64" "0.21.5"
    "@esbuild/android-arm" "0.21.5"
    "@esbuild/android-arm64" "0.21.5"
    "@esbuild/android-x64" "0.21.5"
    "@esbuild/darwin-arm64" "0.21.5"
    "@esbuild/darwin-x64" "0.21.5"
    "@esbuild/freebsd-arm64" "0.21.5"
    "@esbuild/freebsd-x64" "0.21.5"
    "@esbuild/linux-arm" "0.21.5"
    "@esbuild/linux-arm64" "0.21.5"
    "@esbuild/linux-ia32" "0.21.5"
    "@esbuild/linux-loong64" "0.21.5"
    "@esbuild/linux-mips64el" "0.21.5"
    "@esbuild/linux-ppc64" "0.21.5"
    "@esbuild/linux-riscv64" "0.21.5"
    "@esbuild/linux-s390x" "0.21.5"
    "@esbuild/linux-x64" "0.21.5"
    "@esbuild/netbsd-x64" "0.21.5"
    "@esbuild/openbsd-x64" "0.21.5"
    "@esbuild/sunos-x64" "0.21.5"
    "@esbuild/win32-arm64" "0.21.5"
    "@esbuild/win32-ia32" "0.21.5"
    "@esbuild/win32-x64" "0.21.5"

"escape-string-regexp@^4.0.0":
  "integrity" "sha512-TtpcNJ3XAzx3Gq8sWRzJaVajRs0uVxA2YAkdb1jm2YkPz4G6egUFAyA3n5vtEIZefPk5Wa4UXbKuS5fKkJWdgA=="
  "resolved" "https://registry.npmjs.org/escape-string-regexp/-/escape-string-regexp-4.0.0.tgz"
  "version" "4.0.0"

"eventemitter3@^4.0.0":
  "integrity" "sha512-8guHBZCwKnFhYdHr2ysuRWErTwhoN2X8XELRlrRwpmfeY2jjuUN4taQMsULKUVo1K4DvZl+0pgfyoysHxvmvEw=="
  "resolved" "https://registry.yarnpkg.com/eventemitter3/-/eventemitter3-4.0.7.tgz"
  "version" "4.0.7"

"follow-redirects@^1.0.0":
  "integrity" "sha512-SSG5xmZh1mkPGyKzjZP8zLjltIfpW32Y5QpdNJyjcfGxK3qo3NDDkZOZSFiGn1A6SclQxY9GzEwAHQ3dmYRWpg=="
  "resolved" "https://registry.yarnpkg.com/follow-redirects/-/follow-redirects-1.13.1.tgz"
  "version" "1.13.1"

"foreman@^3.0.1":
  "integrity" "sha512-ek/qoM0vVKpxzkBUQN9k4Fs7l0XsHv4bqxuEW6oqIS4s0ouYKsQ19YjBzUJKTFRumFiSpUv7jySkrI6lfbhjlw=="
  "resolved" "https://registry.yarnpkg.com/foreman/-/foreman-3.0.1.tgz"
  "version" "3.0.1"
  dependencies:
    "commander" "^2.15.1"
    "http-proxy" "^1.17.0"
    "mustache" "^2.2.1"
    "shell-quote" "^1.6.1"

"htm@^3.1.0":
  "integrity" "sha512-983Vyg8NwUE7JkZ6NmOqpCZ+sh1bKv2iYTlUkzlWmA5JD2acKoxd4KVxbMmxX/85mtfdnDmTFoNKcg5DGAvxNQ=="
  "resolved" "https://registry.npmjs.org/htm/-/htm-3.1.1.tgz"
  "version" "3.1.1"

"http-proxy@^1.17.0":
  "integrity" "sha512-7mz/721AbnJwIVbnaSv1Cz3Am0ZLT/UBwkC92VlxhXv/k/BBQfM2fXElQNC27BVGr0uwUpplYPQM9LnaBMR5NQ=="
  "resolved" "https://registry.yarnpkg.com/http-proxy/-/http-proxy-1.18.1.tgz"
  "version" "1.18.1"
  dependencies:
    "eventemitter3" "^4.0.0"
    "follow-redirects" "^1.0.0"
    "requires-port" "^1.0.0"

"is-emoji-supported@^0.0.5":
  "integrity" "sha512-WOlXUhDDHxYqcSmFZis+xWhhqXiK2SU0iYiqmth5Ip0FHLZQAt9rKL5ahnilE8/86WH8tZ3bmNNNC+bTzamqlw=="
  "resolved" "https://registry.npmjs.org/is-emoji-supported/-/is-emoji-supported-0.0.5.tgz"
  "version" "0.0.5"

"jsx-dom@~8.0":
  "integrity" "sha512-0qBdkjBq7xQpZtgNroKwvv0wUX4zItd1br6Mzay0FBfSoicmGAhavJTg+2bS0RW/CgctfnQTmFwycG5XxQ0FPw=="
  "resolved" "https://registry.npmjs.org/jsx-dom/-/jsx-dom-8.0.7.tgz"
  "version" "8.0.7"
  dependencies:
    "csstype" "^3.1.2"

"linkify-it@^5.0.0":
  "integrity" "sha512-5aHCbzQRADcdP+ATqnDuhhJ/MRIqDkZX5pyjFHRRysS8vZ5AbqGEoFIb6pYHPZ+L/OC2Lc+xT8uHVVR5CAK/wQ=="
  "resolved" "https://registry.npmjs.org/linkify-it/-/linkify-it-5.0.0.tgz"
  "version" "5.0.0"
  dependencies:
    "uc.micro" "^2.0.0"

"lodash.debounce@^4.0.8":
  "integrity" "sha1-gteb/zCmfEAF/9XiUVMArZyk168="
  "resolved" "https://registry.npmjs.org/lodash.debounce/-/lodash.debounce-4.0.8.tgz"
  "version" "4.0.8"

"markdown-it@^14.0.0":
  "integrity" "sha512-a54IwgWPaeBCAAsv13YgmALOF1elABB08FxO9i+r4VFk5Vl4pKokRPeX8u5TCgSsPi6ec1otfLjdOpVcgbpshg=="
  "resolved" "https://registry.npmjs.org/markdown-it/-/markdown-it-14.1.0.tgz"
  "version" "14.1.0"
  dependencies:
    "argparse" "^2.0.1"
    "entities" "^4.4.0"
    "linkify-it" "^5.0.0"
    "mdurl" "^2.0.0"
    "punycode.js" "^2.3.1"
    "uc.micro" "^2.1.0"

"mdurl@^2.0.0":
  "integrity" "sha512-Lf+9+2r+Tdp5wXDXC4PcIBjTDtq4UKjCPMQhKIuzpJNW0b96kVqSwW0bT7FhRSfmAiFYgP+SCRvdrDozfh0U5w=="
  "resolved" "https://registry.npmjs.org/mdurl/-/mdurl-2.0.0.tgz"
  "version" "2.0.0"

"mustache@^2.2.1":
  "integrity" "sha512-KpMNwdQsYz3O/SBS1qJ/o3sqUJ5wSb8gb0pul8CO0S56b9Y2ALm8zCfsjPXsqGFfoNBkDwZuZIAjhsZI03gYVQ=="
  "resolved" "https://registry.yarnpkg.com/mustache/-/mustache-2.3.2.tgz"
  "version" "2.3.2"

"orderedmap@^2.0.0":
  "integrity" "sha512-TvAWxi0nDe1j/rtMcWcIj94+Ffe6n7zhow33h40SKxmsmozs6dz/e+EajymfoFcHd7sxNn8yHM8839uixMOV6g=="
  "resolved" "https://registry.npmjs.org/orderedmap/-/orderedmap-2.1.1.tgz"
  "version" "2.1.1"

"prosemirror-changeset@^2.2.1":
  "integrity" "sha512-J7msc6wbxB4ekDFj+n9gTW/jav/p53kdlivvuppHsrZXCaQdVgRghoZbSS3kwrRyAstRVQ4/+u5k7YfLgkkQvQ=="
  "resolved" "https://registry.npmjs.org/prosemirror-changeset/-/prosemirror-changeset-2.2.1.tgz"
  "version" "2.2.1"
  dependencies:
    "prosemirror-transform" "^1.0.0"

"prosemirror-collab@^1.3.1":
  "integrity" "sha512-4SnynYR9TTYaQVXd/ieUvsVV4PDMBzrq2xPUWutHivDuOshZXqQ5rGbZM84HEaXKbLdItse7weMGOUdDVcLKEQ=="
  "resolved" "https://registry.npmjs.org/prosemirror-collab/-/prosemirror-collab-1.3.1.tgz"
  "version" "1.3.1"
  dependencies:
    "prosemirror-state" "^1.0.0"

"prosemirror-commands@^1.0.0", "prosemirror-commands@^1.5.2":
  "integrity" "sha512-hgLcPaakxH8tu6YvVAaILV2tXYsW3rAdDR8WNkeKGcgeMVQg3/TMhPdVoh7iAmfgVjZGtcOSjKiQaoeKjzd2mQ=="
  "resolved" "https://registry.npmjs.org/prosemirror-commands/-/prosemirror-commands-1.5.2.tgz"
  "version" "1.5.2"
  dependencies:
    "prosemirror-model" "^1.0.0"
    "prosemirror-state" "^1.0.0"
    "prosemirror-transform" "^1.0.0"

"prosemirror-dropcursor@^1.8.1":
  "integrity" "sha512-M30WJdJZLyXHi3N8vxN6Zh5O8ZBbQCz0gURTfPmTIBNQ5pxrdU7A58QkNqfa98YEjSAL1HUyyU34f6Pm5xBSGw=="
  "resolved" "https://registry.npmjs.org/prosemirror-dropcursor/-/prosemirror-dropcursor-1.8.1.tgz"
  "version" "1.8.1"
  dependencies:
    "prosemirror-state" "^1.0.0"
    "prosemirror-transform" "^1.1.0"
    "prosemirror-view" "^1.1.0"

"prosemirror-gapcursor@^1.3.2":
  "integrity" "sha512-wtjswVBd2vaQRrnYZaBCbyDqr232Ed4p2QPtRIUK5FuqHYKGWkEwl08oQM4Tw7DOR0FsasARV5uJFvMZWxdNxQ=="
  "resolved" "https://registry.npmjs.org/prosemirror-gapcursor/-/prosemirror-gapcursor-1.3.2.tgz"
  "version" "1.3.2"
  dependencies:
    "prosemirror-keymap" "^1.0.0"
    "prosemirror-model" "^1.0.0"
    "prosemirror-state" "^1.0.0"
    "prosemirror-view" "^1.0.0"

"prosemirror-history@^1.0.0", "prosemirror-history@^1.3.2":
  "integrity" "sha512-UUiGzDVcqo1lovOPdi9YxxUps3oBFWAIYkXLu3Ot+JPv1qzVogRbcizxK3LhHmtaUxclohgiOVesRw5QSlMnbQ=="
  "resolved" "https://registry.npmjs.org/prosemirror-history/-/prosemirror-history-1.4.0.tgz"
  "version" "1.4.0"
  dependencies:
    "prosemirror-state" "^1.2.2"
    "prosemirror-transform" "^1.0.0"
    "prosemirror-view" "^1.31.0"
    "rope-sequence" "^1.3.0"

"prosemirror-inputrules@^1.3.0":
  "integrity" "sha512-6ygpPRuTJ2lcOXs9JkefieMst63wVJBgHZGl5QOytN7oSZs3Co/BYbc3Yx9zm9H37Bxw8kVzCnDsihsVsL4yEg=="
  "resolved" "https://registry.npmjs.org/prosemirror-inputrules/-/prosemirror-inputrules-1.4.0.tgz"
  "version" "1.4.0"
  dependencies:
    "prosemirror-state" "^1.0.0"
    "prosemirror-transform" "^1.0.0"

"prosemirror-keymap@^1.0.0", "prosemirror-keymap@^1.1.2", "prosemirror-keymap@^1.2.2":
  "integrity" "sha512-EAlXoksqC6Vbocqc0GtzCruZEzYgrn+iiGnNjsJsH4mrnIGex4qbLdWWNza3AW5W36ZRrlBID0eM6bdKH4OStQ=="
  "resolved" "https://registry.npmjs.org/prosemirror-keymap/-/prosemirror-keymap-1.2.2.tgz"
  "version" "1.2.2"
  dependencies:
    "prosemirror-state" "^1.0.0"
    "w3c-keyname" "^2.2.0"

"prosemirror-markdown@^1.12.0":
  "integrity" "sha512-UziddX3ZYSYibgx8042hfGKmukq5Aljp2qoBiJRejD/8MH70siQNz5RB1TrdTPheqLMy4aCe4GYNF10/3lQS5g=="
  "resolved" "https://registry.npmjs.org/prosemirror-markdown/-/prosemirror-markdown-1.13.0.tgz"
  "version" "1.13.0"
  dependencies:
    "markdown-it" "^14.0.0"
    "prosemirror-model" "^1.20.0"

"prosemirror-menu@^1.2.4":
  "integrity" "sha512-S/bXlc0ODQup6aiBbWVsX/eM+xJgCTAfMq/nLqaO5ID/am4wS0tTCIkzwytmao7ypEtjj39i7YbJjAgO20mIqA=="
  "resolved" "https://registry.npmjs.org/prosemirror-menu/-/prosemirror-menu-1.2.4.tgz"
  "version" "1.2.4"
  dependencies:
    "crelt" "^1.0.0"
    "prosemirror-commands" "^1.0.0"
    "prosemirror-history" "^1.0.0"
    "prosemirror-state" "^1.0.0"

"prosemirror-model@^1.0.0", "prosemirror-model@^1.19.0", "prosemirror-model@^1.19.4", "prosemirror-model@^1.20.0", "prosemirror-model@^1.21.0", "prosemirror-model@^1.8.1":
  "integrity" "sha512-IVBAuMqOfltTr7yPypwpfdGT+6rGAteVOw2FO6GEvCGGa1ZwxLseqC1Eax/EChDvG/xGquB2d/hLdgh3THpsYg=="
  "resolved" "https://registry.npmjs.org/prosemirror-model/-/prosemirror-model-1.21.1.tgz"
  "version" "1.21.1"
  dependencies:
    "orderedmap" "^2.0.0"

"prosemirror-schema-basic@^1.2.2":
  "integrity" "sha512-/dT4JFEGyO7QnNTe9UaKUhjDXbTNkiWTq/N4VpKaF79bBjSExVV2NXmJpcM7z/gD7mbqNjxbmWW5nf1iNSSGnw=="
  "resolved" "https://registry.npmjs.org/prosemirror-schema-basic/-/prosemirror-schema-basic-1.2.2.tgz"
  "version" "1.2.2"
  dependencies:
    "prosemirror-model" "^1.19.0"

"prosemirror-schema-list@^1.3.0":
  "integrity" "sha512-nZOIq/AkBSzCENxUyLm5ltWE53e2PLk65ghMN8qLQptOmDVixZlPqtMeQdiNw0odL9vNpalEjl3upgRkuJ/Jyw=="
  "resolved" "https://registry.npmjs.org/prosemirror-schema-list/-/prosemirror-schema-list-1.4.0.tgz"
  "version" "1.4.0"
  dependencies:
    "prosemirror-model" "^1.0.0"
    "prosemirror-state" "^1.0.0"
    "prosemirror-transform" "^1.7.3"

"prosemirror-state@^1.0.0", "prosemirror-state@^1.2.2", "prosemirror-state@^1.3.1", "prosemirror-state@^1.4.2", "prosemirror-state@^1.4.3":
  "integrity" "sha512-goFKORVbvPuAQaXhpbemJFRKJ2aixr+AZMGiquiqKxaucC6hlpHNZHWgz5R7dS4roHiwq9vDctE//CZ++o0W1Q=="
  "resolved" "https://registry.npmjs.org/prosemirror-state/-/prosemirror-state-1.4.3.tgz"
  "version" "1.4.3"
  dependencies:
    "prosemirror-model" "^1.0.0"
    "prosemirror-transform" "^1.0.0"
    "prosemirror-view" "^1.27.0"

"prosemirror-tables@^1.3.5":
  "integrity" "sha512-oEwX1wrziuxMtwFvdDWSFHVUWrFJWt929kVVfHvtTi8yvw+5ppxjXZkMG/fuTdFo+3DXyIPSKfid+Be1npKXDA=="
  "resolved" "https://registry.npmjs.org/prosemirror-tables/-/prosemirror-tables-1.3.7.tgz"
  "version" "1.3.7"
  dependencies:
    "prosemirror-keymap" "^1.1.2"
    "prosemirror-model" "^1.8.1"
    "prosemirror-state" "^1.3.1"
    "prosemirror-transform" "^1.2.1"
    "prosemirror-view" "^1.13.3"

"prosemirror-trailing-node@^2.0.7":
  "integrity" "sha512-ujRYhSuhQb1Jsarh1IHqb2KoSnRiD7wAMDGucP35DN7j5af6X7B18PfdPIrbwsPTqIAj0fyOvxbuPsWhNvylmA=="
  "resolved" "https://registry.npmjs.org/prosemirror-trailing-node/-/prosemirror-trailing-node-2.0.8.tgz"
  "version" "2.0.8"
  dependencies:
    "@remirror/core-constants" "^2.0.2"
    "escape-string-regexp" "^4.0.0"

"prosemirror-transform@^1.0.0", "prosemirror-transform@^1.1.0", "prosemirror-transform@^1.2.1", "prosemirror-transform@^1.7.3", "prosemirror-transform@^1.8.0":
  "integrity" "sha512-5UXkr1LIRx3jmpXXNKDhv8OyAOeLTGuXNwdVfg8x27uASna/wQkr9p6fD3eupGOi4PLJfbezxTyi/7fSJypXHg=="
  "resolved" "https://registry.npmjs.org/prosemirror-transform/-/prosemirror-transform-1.9.0.tgz"
  "version" "1.9.0"
  dependencies:
    "prosemirror-model" "^1.21.0"

"prosemirror-view@^1.0.0", "prosemirror-view@^1.1.0", "prosemirror-view@^1.13.3", "prosemirror-view@^1.27.0", "prosemirror-view@^1.31.0", "prosemirror-view@^1.31.2", "prosemirror-view@^1.32.7":
  "integrity" "sha512-4PhMr/ufz2cdvFgpUAnZfs+0xij3RsFysreeG9V/utpwX7AJtYCDVyuRxzWoMJIEf4C7wVihuBNMPpFLPCiLQw=="
  "resolved" "https://registry.npmjs.org/prosemirror-view/-/prosemirror-view-1.33.8.tgz"
  "version" "1.33.8"
  dependencies:
    "prosemirror-model" "^1.20.0"
    "prosemirror-state" "^1.0.0"
    "prosemirror-transform" "^1.1.0"

"punycode.js@^2.3.1":
  "integrity" "sha512-uxFIHU0YlHYhDQtV4R9J6a52SLx28BCjT+4ieh7IGbgwVJWO+km431c4yRlREUAsAmt/uMjQUyQHNEPf0M39CA=="
  "resolved" "https://registry.npmjs.org/punycode.js/-/punycode.js-2.3.1.tgz"
  "version" "2.3.1"

"requires-port@^1.0.0":
  "integrity" "sha1-kl0mAdOaxIXgkc8NpcbmlNw9yv8="
  "resolved" "https://registry.yarnpkg.com/requires-port/-/requires-port-1.0.0.tgz"
  "version" "1.0.0"

"rope-sequence@^1.3.0":
  "integrity" "sha512-UT5EDe2cu2E/6O4igUr5PSFs23nvvukicWHx6GnOPlHAiiYbzNuCRQCuiUdHJQcqKalLKlrYJnjY0ySGsXNQXQ=="
  "resolved" "https://registry.npmjs.org/rope-sequence/-/rope-sequence-1.3.4.tgz"
  "version" "1.3.4"

"rpg-awesome@^0.2.0":
  "integrity" "sha512-+jTuYWHOs8iZV5+XKvI/7Ojr0k4pLX/dRpa2LHXReGMQI6h0cGvNxIh/AQY1zhAC7LPcNXnPTliD1/ugB/DbRA=="
  "resolved" "https://registry.npmjs.org/rpg-awesome/-/rpg-awesome-0.2.0.tgz"
  "version" "0.2.0"

"shell-quote@^1.6.1":
  "integrity" "sha512-mRz/m/JVscCrkMyPqHc/bczi3OQHkLTqXHEFu0zDhK/qfv3UcOA4SVmRCLmos4bhjr9ekVQubj/R7waKapmiQg=="
  "resolved" "https://registry.yarnpkg.com/shell-quote/-/shell-quote-1.7.2.tgz"
  "version" "1.7.2"

"tippy.js@^6.3.7":
  "integrity" "sha512-E1d3oP2emgJ9dRQZdf3Kkn0qJgI6ZLpyS5z6ZkY1DF3kaQaBsGZsndEpHwx+eC+tYM41HaSNvNtLx8tU57FzTQ=="
  "resolved" "https://registry.npmjs.org/tippy.js/-/tippy.js-6.3.7.tgz"
  "version" "6.3.7"
  dependencies:
    "@popperjs/core" "^2.9.0"

"turbolinks@^5.2.0":
  "integrity" "sha512-pMiez3tyBo6uRHFNNZoYMmrES/IaGgMhQQM+VFF36keryjb5ms0XkVpmKHkfW/4Vy96qiGW3K9bz0tF5sK9bBw=="
  "resolved" "https://registry.yarnpkg.com/turbolinks/-/turbolinks-5.2.0.tgz"
  "version" "5.2.0"

"uc.micro@^2.0.0", "uc.micro@^2.1.0":
  "integrity" "sha512-ARDJmphmdvUk6Glw7y9DQ2bFkKBHwQHLi2lsaH6PPmz/Ka9sFOBsBluozhDltWmnv9u/cF6Rt87znRTPV+yp/A=="
  "resolved" "https://registry.npmjs.org/uc.micro/-/uc.micro-2.1.0.tgz"
  "version" "2.1.0"

"w3c-keyname@^2.2.0":
  "integrity" "sha512-dpojBhNsCNN7T82Tm7k26A6G9ML3NkhDsnw9n/eoxSRlVBB4CEtIQ/KTCLI2Fwf3ataSXRhYFkQi3SlnFwPvPQ=="
  "resolved" "https://registry.npmjs.org/w3c-keyname/-/w3c-keyname-2.2.8.tgz"
  "version" "2.2.8"
